<?xml version="1.0" encoding="utf-8"?>
<Project ToolsVersion="4.0" xmlns="http://schemas.microsoft.com/developer/msbuild/2003">
  <ItemGroup>
    <Filter Include="Source Files">
      <UniqueIdentifier>{4FC737F1-C7A5-4376-A066-2A32D752A2FF}</UniqueIdentifier>
      <Extensions>cpp;c;cc;cxx;def;odl;idl;hpj;bat;asm;asmx</Extensions>
    </Filter>
    <Filter Include="Header Files">
      <UniqueIdentifier>{93995380-89BD-4b04-88EB-625FBE52EBFB}</UniqueIdentifier>
      <Extensions>h;hpp;hxx;hm;inl;inc;xsd</Extensions>
    </Filter>
    <Filter Include="Resource Files">
      <UniqueIdentifier>{67DA6AB6-F800-4c08-8B7A-83BB121AAD01}</UniqueIdentifier>
      <Extensions>rc;ico;cur;bmp;dlg;rc2;rct;bin;rgs;gif;jpg;jpeg;jpe;resx;tiff;tif;png;wav;mfcribbon-ms</Extensions>
    </Filter>
    <Filter Include="Source Files\World Objects">
      <UniqueIdentifier>{37a0f7e9-284d-4082-9c34-e906bd039cf1}</UniqueIdentifier>
    </Filter>
    <Filter Include="Header Files\World Objects">
      <UniqueIdentifier>{53dfd055-baa9-4133-970a-a1b61e536ac4}</UniqueIdentifier>
    </Filter>
    <Filter Include="Source Files\UI">
      <UniqueIdentifier>{c0d99f0f-7e95-4697-880c-92193c846b48}</UniqueIdentifier>
    </Filter>
    <Filter Include="Header Files\UI">
      <UniqueIdentifier>{b7e0d4ed-c7a3-46a3-8f4d-8e1de64afb70}</UniqueIdentifier>
    </Filter>
  </ItemGroup>
  <ItemGroup>
    <ClCompile Include="D3D.cpp">
      <Filter>Source Files</Filter>
    </ClCompile>
    <ClCompile Include="main.cpp">
      <Filter>Source Files</Filter>
    </ClCompile>
    <ClCompile Include="WindowUtils.cpp">
      <Filter>Source Files</Filter>
    </ClCompile>
    <ClCompile Include="D3DUtil.cpp">
      <Filter>Source Files</Filter>
    </ClCompile>
    <ClCompile Include="ResourceManager.cpp">
      <Filter>Source Files</Filter>
    </ClCompile>
    <ClCompile Include="Game.cpp">
      <Filter>Source Files</Filter>
    </ClCompile>
    <ClCompile Include="Bloon.cpp">
      <Filter>Source Files\World Objects</Filter>
    </ClCompile>
    <ClCompile Include="Sprite.cpp">
      <Filter>Source Files\World Objects</Filter>
    </ClCompile>
    <ClCompile Include="Track.cpp">
      <Filter>Source Files\World Objects</Filter>
    </ClCompile>
    <ClCompile Include="Stats.cpp">
      <Filter>Source Files\UI</Filter>
    </ClCompile>
    <ClCompile Include="Text.cpp">
      <Filter>Source Files\UI</Filter>
    </ClCompile>
  </ItemGroup>
  <ItemGroup>
    <ClInclude Include="D3D.h">
      <Filter>Header Files</Filter>
    </ClInclude>
    <ClInclude Include="WindowUtils.h">
      <Filter>Header Files</Filter>
    </ClInclude>
    <ClInclude Include="D3DUtil.h">
      <Filter>Header Files</Filter>
    </ClInclude>
    <ClInclude Include="ResourceManager.h">
      <Filter>Header Files</Filter>
    </ClInclude>
    <ClInclude Include="Game.h">
      <Filter>Header Files</Filter>
    </ClInclude>
    <ClInclude Include="Bloon.h">
      <Filter>Header Files\World Objects</Filter>
    </ClInclude>
    <ClInclude Include="Sprite.h">
      <Filter>Header Files\World Objects</Filter>
    </ClInclude>
    <ClInclude Include="Track.h">
      <Filter>Header Files\World Objects</Filter>
    </ClInclude>
    <ClInclude Include="Stats.h">
      <Filter>Header Files\UI</Filter>
    </ClInclude>
    <ClInclude Include="Text.h">
      <Filter>Header Files\UI</Filter>
    </ClInclude>
  </ItemGroup>
</Project>